
Microsoft Visual Studio Solution File, Format Version 12.00
# Visual Studio Version 17
VisualStudioVersion = 17.11.35222.181
MinimumVisualStudioVersion = 10.0.40219.1
Project("{FAE04EC0-301F-11D3-BF4B-00C04F79EFBC}") = "egzamin06-23", "egzamin06-23\egzamin06-23.csproj", "{7AF8E8F4-AE5A-4B8B-B829-82E9CD0F27A4}"
EndProject
Global
	GlobalSection(SolutionConfigurationPlatforms) = preSolution
		Debug|Any CPU = Debug|Any CPU
		Release|Any CPU = Release|Any CPU
	EndGlobalSection
	GlobalSection(ProjectConfigurationPlatforms) = postSolution
		{7AF8E8F4-AE5A-4B8B-B829-82E9CD0F27A4}.Debug|Any CPU.ActiveCfg = Debug|Any CPU
		{7AF8E8F4-AE5A-4B8B-B829-82E9CD0F27A4}.Debug|Any CPU.Build.0 = Debug|Any CPU
		{7AF8E8F4-AE5A-4B8B-B829-82E9CD0F27A4}.Release|Any CPU.ActiveCfg = Release|Any CPU
		{7AF8E8F4-AE5A-4B8B-B829-82E9CD0F27A4}.Release|Any CPU.Build.0 = Release|Any CPU
	EndGlobalSection
	GlobalSection(SolutionProperties) = preSolution
		HideSolutionNode = FALSE
	EndGlobalSection
	GlobalSection(ExtensibilityGlobals) = postSolution
		SolutionGuid = {7A3CF548-A797-475D-B2C4-FD536881A874}
	EndGlobalSection
EndGlobal
